
Microsoft Visual Studio Solution File, Format Version 12.00
# Visual Studio Version 17
VisualStudioVersion = 17.13.35828.75 d17.13
MinimumVisualStudioVersion = 10.0.40219.1
Project("{FAE04EC0-301F-11D3-BF4B-00C04F79EFBC}") = "7AprilHomeTaskPractice", "7AprilHomeTaskPractice\7AprilHomeTaskPractice.csproj", "{8D64F880-0E5D-42C7-A862-031E868C9F15}"
EndProject
Global
	GlobalSection(SolutionConfigurationPlatforms) = preSolution
		Debug|Any CPU = Debug|Any CPU
		Release|Any CPU = Release|Any CPU
	EndGlobalSection
	GlobalSection(ProjectConfigurationPlatforms) = postSolution
		{8D64F880-0E5D-42C7-A862-031E868C9F15}.Debug|Any CPU.ActiveCfg = Debug|Any CPU
		{8D64F880-0E5D-42C7-A862-031E868C9F15}.Debug|Any CPU.Build.0 = Debug|Any CPU
		{8D64F880-0E5D-42C7-A862-031E868C9F15}.Release|Any CPU.ActiveCfg = Release|Any CPU
		{8D64F880-0E5D-42C7-A862-031E868C9F15}.Release|Any CPU.Build.0 = Release|Any CPU
	EndGlobalSection
	GlobalSection(SolutionProperties) = preSolution
		HideSolutionNode = FALSE
	EndGlobalSection
	GlobalSection(ExtensibilityGlobals) = postSolution
		SolutionGuid = {08DD872D-0640-46F3-A740-8C87DFEB7E8C}
	EndGlobalSection
EndGlobal
